Microsoft Visual Studio Solution File, Format Version 12.00
Project("{2150E333-8FDC-42A3-9474-1A3956D46DE8}") = "src", "src", "{827E0CD3-B72D-47B6-A68D-7590B98EB39B}"
EndProject
Project("{FAE04EC0-301F-11D3-BF4B-00C04F79EFBC}") = "DevHub.Domain", "src\DevHub.Domain\DevHub.Domain.csproj", "{A2C9D1A2-8739-4E76-8587-B53B54399354}"
EndProject
Project("{FAE04EC0-301F-11D3-BF4B-00C04F79EFBC}") = "DevHub.Application", "src\DevHub.Application\DevHub.Application.csproj", "{610296AD-2B06-4CBE-B8A5-CF093C1022BE}"
EndProject
Project("{FAE04EC0-301F-11D3-BF4B-00C04F79EFBC}") = "DevHub.Infrastructure", "src\DevHub.Infrastructure\DevHub.Infrastructure.csproj", "{D51F3D03-0CC7-4E5D-BE3D-BBBAAC04547F}"
EndProject
Project("{FAE04EC0-301F-11D3-BF4B-00C04F79EFBC}") = "DevHub.Api", "src\DevHub.Api\DevHub.Api.csproj", "{0D701FDE-5C5A-4E94-A867-F51C87074BDE}"
EndProject
Global
	GlobalSection(SolutionConfigurationPlatforms) = preSolution
		Debug|Any CPU = Debug|Any CPU
		Debug|x64 = Debug|x64
		Debug|x86 = Debug|x86
		Release|Any CPU = Release|Any CPU
		Release|x64 = Release|x64
		Release|x86 = Release|x86
	EndGlobalSection
	GlobalSection(ProjectConfigurationPlatforms) = postSolution
		{A2C9D1A2-8739-4E76-8587-B53B54399354}.Debug|Any CPU.ActiveCfg = Debug|Any CPU
		{A2C9D1A2-8739-4E76-8587-B53B54399354}.Debug|Any CPU.Build.0 = Debug|Any CPU
		{A2C9D1A2-8739-4E76-8587-B53B54399354}.Debug|x64.ActiveCfg = Debug|Any CPU
		{A2C9D1A2-8739-4E76-8587-B53B54399354}.Debug|x64.Build.0 = Debug|Any CPU
		{A2C9D1A2-8739-4E76-8587-B53B54399354}.Debug|x86.ActiveCfg = Debug|Any CPU
		{A2C9D1A2-8739-4E76-8587-B53B54399354}.Debug|x86.Build.0 = Debug|Any CPU
		{A2C9D1A2-8739-4E76-8587-B53B54399354}.Release|Any CPU.ActiveCfg = Release|Any CPU
		{A2C9D1A2-8739-4E76-8587-B53B54399354}.Release|Any CPU.Build.0 = Release|Any CPU
		{A2C9D1A2-8739-4E76-8587-B53B54399354}.Release|x64.ActiveCfg = Release|Any CPU
		{A2C9D1A2-8739-4E76-8587-B53B54399354}.Release|x64.Build.0 = Release|Any CPU
		{A2C9D1A2-8739-4E76-8587-B53B54399354}.Release|x86.ActiveCfg = Release|Any CPU
		{A2C9D1A2-8739-4E76-8587-B53B54399354}.Release|x86.Build.0 = Release|Any CPU
		{610296AD-2B06-4CBE-B8A5-CF093C1022BE}.Debug|Any CPU.ActiveCfg = Debug|Any CPU
		{610296AD-2B06-4CBE-B8A5-CF093C1022BE}.Debug|Any CPU.Build.0 = Debug|Any CPU
		{610296AD-2B06-4CBE-B8A5-CF093C1022BE}.Debug|x64.ActiveCfg = Debug|Any CPU
		{610296AD-2B06-4CBE-B8A5-CF093C1022BE}.Debug|x64.Build.0 = Debug|Any CPU
		{610296AD-2B06-4CBE-B8A5-CF093C1022BE}.Debug|x86.ActiveCfg = Debug|Any CPU
		{610296AD-2B06-4CBE-B8A5-CF093C1022BE}.Debug|x86.Build.0 = Debug|Any CPU
		{610296AD-2B06-4CBE-B8A5-CF093C1022BE}.Release|Any CPU.ActiveCfg = Release|Any CPU
		{610296AD-2B06-4CBE-B8A5-CF093C1022BE}.Release|Any CPU.Build.0 = Release|Any CPU
		{610296AD-2B06-4CBE-B8A5-CF093C1022BE}.Release|x64.ActiveCfg = Release|Any CPU
		{610296AD-2B06-4CBE-B8A5-CF093C1022BE}.Release|x64.Build.0 = Release|Any CPU
		{610296AD-2B06-4CBE-B8A5-CF093C1022BE}.Release|x86.ActiveCfg = Release|Any CPU
		{610296AD-2B06-4CBE-B8A5-CF093C1022BE}.Release|x86.Build.0 = Release|Any CPU
		{D51F3D03-0CC7-4E5D-BE3D-BBBAAC04547F}.Debug|Any CPU.ActiveCfg = Debug|Any CPU
		{D51F3D03-0CC7-4E5D-BE3D-BBBAAC04547F}.Debug|Any CPU.Build.0 = Debug|Any CPU
		{D51F3D03-0CC7-4E5D-BE3D-BBBAAC04547F}.Debug|x64.ActiveCfg = Debug|Any CPU
		{D51F3D03-0CC7-4E5D-BE3D-BBBAAC04547F}.Debug|x64.Build.0 = Debug|Any CPU
		{D51F3D03-0CC7-4E5D-BE3D-BBBAAC04547F}.Debug|x86.ActiveCfg = Debug|Any CPU
		{D51F3D03-0CC7-4E5D-BE3D-BBBAAC04547F}.Debug|x86.Build.0 = Debug|Any CPU
		{D51F3D03-0CC7-4E5D-BE3D-BBBAAC04547F}.Release|Any CPU.ActiveCfg = Release|Any CPU
		{D51F3D03-0CC7-4E5D-BE3D-BBBAAC04547F}.Release|Any CPU.Build.0 = Release|Any CPU
		{D51F3D03-0CC7-4E5D-BE3D-BBBAAC04547F}.Release|x64.ActiveCfg = Release|Any CPU
		{D51F3D03-0CC7-4E5D-BE3D-BBBAAC04547F}.Release|x64.Build.0 = Release|Any CPU
		{D51F3D03-0CC7-4E5D-BE3D-BBBAAC04547F}.Release|x86.ActiveCfg = Release|Any CPU
		{D51F3D03-0CC7-4E5D-BE3D-BBBAAC04547F}.Release|x86.Build.0 = Release|Any CPU
		{0D701FDE-5C5A-4E94-A867-F51C87074BDE}.Debug|Any CPU.ActiveCfg = Debug|Any CPU
		{0D701FDE-5C5A-4E94-A867-F51C87074BDE}.Debug|Any CPU.Build.0 = Debug|Any CPU
		{0D701FDE-5C5A-4E94-A867-F51C87074BDE}.Debug|x64.ActiveCfg = Debug|Any CPU
		{0D701FDE-5C5A-4E94-A867-F51C87074BDE}.Debug|x64.Build.0 = Debug|Any CPU
		{0D701FDE-5C5A-4E94-A867-F51C87074BDE}.Debug|x86.ActiveCfg = Debug|Any CPU
		{0D701FDE-5C5A-4E94-A867-F51C87074BDE}.Debug|x86.Build.0 = Debug|Any CPU
		{0D701FDE-5C5A-4E94-A867-F51C87074BDE}.Release|Any CPU.ActiveCfg = Release|Any CPU
		{0D701FDE-5C5A-4E94-A867-F51C87074BDE}.Release|Any CPU.Build.0 = Release|Any CPU
		{0D701FDE-5C5A-4E94-A867-F51C87074BDE}.Release|x64.ActiveCfg = Release|Any CPU
		{0D701FDE-5C5A-4E94-A867-F51C87074BDE}.Release|x64.Build.0 = Release|Any CPU
		{0D701FDE-5C5A-4E94-A867-F51C87074BDE}.Release|x86.ActiveCfg = Release|Any CPU
		{0D701FDE-5C5A-4E94-A867-F51C87074BDE}.Release|x86.Build.0 = Release|Any CPU
	EndGlobalSection
	GlobalSection(SolutionProperties) = preSolution
		HideSolutionNode = FALSE
	EndGlobalSection
	GlobalSection(NestedProjects) = preSolution
		{A2C9D1A2-8739-4E76-8587-B53B54399354} = {827E0CD3-B72D-47B6-A68D-7590B98EB39B}
		{610296AD-2B06-4CBE-B8A5-CF093C1022BE} = {827E0CD3-B72D-47B6-A68D-7590B98EB39B}
		{D51F3D03-0CC7-4E5D-BE3D-BBBAAC04547F} = {827E0CD3-B72D-47B6-A68D-7590B98EB39B}
		{0D701FDE-5C5A-4E94-A867-F51C87074BDE} = {827E0CD3-B72D-47B6-A68D-7590B98EB39B}
	EndGlobalSection
EndGlobal
